// !$*UTF8*$!
{
	archiveVersion = 1;
	classes = {
	};
	objectVersion = 46;
	objects = {

/* Begin PBXBuildFile section */
		59AEF821EF4C41AB5AC57A5E /* Pods_HalloweenHunt.framework in Frameworks */ = {isa = PBXBuildFile; fileRef = 82A22FFE1CBCACC8D6E7D888 /* Pods_HalloweenHunt.framework */; };
		C40B44211DA3700900DC75D4 /* Haunter.swift in Sources */ = {isa = PBXBuildFile; fileRef = C40B44201DA3700900DC75D4 /* Haunter.swift */; };
		C40CBA9F1DA4B28100BFDC92 /* AddHaunterViewController.swift in Sources */ = {isa = PBXBuildFile; fileRef = C40CBA9E1DA4B28100BFDC92 /* AddHaunterViewController.swift */; };
		C40CBAA11DA4BBF300BFDC92 /* Player.swift in Sources */ = {isa = PBXBuildFile; fileRef = C40CBAA01DA4BBF300BFDC92 /* Player.swift */; };
		C40CE7C51DA74CD6006E25CD /* StarterHaunters.swift in Sources */ = {isa = PBXBuildFile; fileRef = C40CE7C41DA74CD6006E25CD /* StarterHaunters.swift */; };
		C40ED0581DA0425B003131E6 /* AppDelegate.swift in Sources */ = {isa = PBXBuildFile; fileRef = C40ED0571DA0425B003131E6 /* AppDelegate.swift */; };
		C40ED05A1DA0425B003131E6 /* LogInViewController.swift in Sources */ = {isa = PBXBuildFile; fileRef = C40ED0591DA0425B003131E6 /* LogInViewController.swift */; };
		C40ED05D1DA0425B003131E6 /* Main.storyboard in Resources */ = {isa = PBXBuildFile; fileRef = C40ED05B1DA0425B003131E6 /* Main.storyboard */; };
		C40ED0601DA0425B003131E6 /* HalloweenHunt.xcdatamodeld in Sources */ = {isa = PBXBuildFile; fileRef = C40ED05E1DA0425B003131E6 /* HalloweenHunt.xcdatamodeld */; };
		C40ED0621DA0425B003131E6 /* Assets.xcassets in Resources */ = {isa = PBXBuildFile; fileRef = C40ED0611DA0425B003131E6 /* Assets.xcassets */; };
		C40ED0651DA0425B003131E6 /* LaunchScreen.storyboard in Resources */ = {isa = PBXBuildFile; fileRef = C40ED0631DA0425B003131E6 /* LaunchScreen.storyboard */; };
		C40ED06D1DA05CB3003131E6 /* MapViewController.swift in Sources */ = {isa = PBXBuildFile; fileRef = C40ED06C1DA05CB3003131E6 /* MapViewController.swift */; };
		C40ED06F1DA05CC0003131E6 /* MasterViewController.swift in Sources */ = {isa = PBXBuildFile; fileRef = C40ED06E1DA05CC0003131E6 /* MasterViewController.swift */; };
		C40ED0731DA060F0003131E6 /* MapKit.framework in Frameworks */ = {isa = PBXBuildFile; fileRef = C40ED0721DA060F0003131E6 /* MapKit.framework */; };
		C40ED0751DA0638E003131E6 /* GoogleService-Info.plist in Resources */ = {isa = PBXBuildFile; fileRef = C40ED0741DA0638E003131E6 /* GoogleService-Info.plist */; };
/* End PBXBuildFile section */

/* Begin PBXFileReference section */
		37F26DABC7A4FC8DA977FD4F /* Pods-HalloweenHunt.debug.xcconfig */ = {isa = PBXFileReference; includeInIndex = 1; lastKnownFileType = text.xcconfig; name = "Pods-HalloweenHunt.debug.xcconfig"; path = "Pods/Target Support Files/Pods-HalloweenHunt/Pods-HalloweenHunt.debug.xcconfig"; sourceTree = "<group>"; };
		82A22FFE1CBCACC8D6E7D888 /* Pods_HalloweenHunt.framework */ = {isa = PBXFileReference; explicitFileType = wrapper.framework; includeInIndex = 0; path = Pods_HalloweenHunt.framework; sourceTree = BUILT_PRODUCTS_DIR; };
		C40B44201DA3700900DC75D4 /* Haunter.swift */ = {isa = PBXFileReference; fileEncoding = 4; lastKnownFileType = sourcecode.swift; path = Haunter.swift; sourceTree = "<group>"; };
		C40CBA9E1DA4B28100BFDC92 /* AddHaunterViewController.swift */ = {isa = PBXFileReference; fileEncoding = 4; lastKnownFileType = sourcecode.swift; path = AddHaunterViewController.swift; sourceTree = "<group>"; };
		C40CBAA01DA4BBF300BFDC92 /* Player.swift */ = {isa = PBXFileReference; fileEncoding = 4; lastKnownFileType = sourcecode.swift; path = Player.swift; sourceTree = "<group>"; };
		C40CE7C41DA74CD6006E25CD /* StarterHaunters.swift */ = {isa = PBXFileReference; fileEncoding = 4; lastKnownFileType = sourcecode.swift; path = StarterHaunters.swift; sourceTree = "<group>"; };
		C40ED0541DA0425B003131E6 /* HalloweenHunt.app */ = {isa = PBXFileReference; explicitFileType = wrapper.application; includeInIndex = 0; path = HalloweenHunt.app; sourceTree = BUILT_PRODUCTS_DIR; };
		C40ED0571DA0425B003131E6 /* AppDelegate.swift */ = {isa = PBXFileReference; lastKnownFileType = sourcecode.swift; path = AppDelegate.swift; sourceTree = "<group>"; };
		C40ED0591DA0425B003131E6 /* LogInViewController.swift */ = {isa = PBXFileReference; lastKnownFileType = sourcecode.swift; path = LogInViewController.swift; sourceTree = "<group>"; };
		C40ED05C1DA0425B003131E6 /* Base */ = {isa = PBXFileReference; lastKnownFileType = file.storyboard; name = Base; path = Base.lproj/Main.storyboard; sourceTree = "<group>"; };
		C40ED05F1DA0425B003131E6 /* HalloweenHunt.xcdatamodel */ = {isa = PBXFileReference; lastKnownFileType = wrapper.xcdatamodel; path = HalloweenHunt.xcdatamodel; sourceTree = "<group>"; };
		C40ED0611DA0425B003131E6 /* Assets.xcassets */ = {isa = PBXFileReference; lastKnownFileType = folder.assetcatalog; path = Assets.xcassets; sourceTree = "<group>"; };
		C40ED0641DA0425B003131E6 /* Base */ = {isa = PBXFileReference; lastKnownFileType = file.storyboard; name = Base; path = Base.lproj/LaunchScreen.storyboard; sourceTree = "<group>"; };
		C40ED0661DA0425B003131E6 /* Info.plist */ = {isa = PBXFileReference; lastKnownFileType = text.plist.xml; path = Info.plist; sourceTree = "<group>"; };
		C40ED06C1DA05CB3003131E6 /* MapViewController.swift */ = {isa = PBXFileReference; fileEncoding = 4; lastKnownFileType = sourcecode.swift; path = MapViewController.swift; sourceTree = "<group>"; };
		C40ED06E1DA05CC0003131E6 /* MasterViewController.swift */ = {isa = PBXFileReference; fileEncoding = 4; lastKnownFileType = sourcecode.swift; path = MasterViewController.swift; sourceTree = "<group>"; };
		C40ED0721DA060F0003131E6 /* MapKit.framework */ = {isa = PBXFileReference; lastKnownFileType = wrapper.framework; name = MapKit.framework; path = System/Library/Frameworks/MapKit.framework; sourceTree = SDKROOT; };
		C40ED0741DA0638E003131E6 /* GoogleService-Info.plist */ = {isa = PBXFileReference; fileEncoding = 4; lastKnownFileType = text.plist.xml; path = "GoogleService-Info.plist"; sourceTree = "<group>"; };
		C41E228D1DA201B8001D21AC /* HalloweenHunt.entitlements */ = {isa = PBXFileReference; lastKnownFileType = text.plist.entitlements; path = HalloweenHunt.entitlements; sourceTree = "<group>"; };
		ED98211B6DB31196D4ECDDB2 /* Pods-HalloweenHunt.release.xcconfig */ = {isa = PBXFileReference; includeInIndex = 1; lastKnownFileType = text.xcconfig; name = "Pods-HalloweenHunt.release.xcconfig"; path = "Pods/Target Support Files/Pods-HalloweenHunt/Pods-HalloweenHunt.release.xcconfig"; sourceTree = "<group>"; };
/* End PBXFileReference section */

/* Begin PBXFrameworksBuildPhase section */
		C40ED0511DA0425B003131E6 /* Frameworks */ = {
			isa = PBXFrameworksBuildPhase;
			buildActionMask = 2147483647;
			files = (
				C40ED0731DA060F0003131E6 /* MapKit.framework in Frameworks */,
				59AEF821EF4C41AB5AC57A5E /* Pods_HalloweenHunt.framework in Frameworks */,
			);
			runOnlyForDeploymentPostprocessing = 0;
		};
/* End PBXFrameworksBuildPhase section */

/* Begin PBXGroup section */
		91A6BBA7F0E88B76971FE527 /* Pods */ = {
			isa = PBXGroup;
			children = (
				37F26DABC7A4FC8DA977FD4F /* Pods-HalloweenHunt.debug.xcconfig */,
				ED98211B6DB31196D4ECDDB2 /* Pods-HalloweenHunt.release.xcconfig */,
			);
			name = Pods;
			sourceTree = "<group>";
		};
		C40B44221DA3701000DC75D4 /* Model */ = {
			isa = PBXGroup;
			children = (
				C40CBAA01DA4BBF300BFDC92 /* Player.swift */,
				C40B44201DA3700900DC75D4 /* Haunter.swift */,
				C40CE7C41DA74CD6006E25CD /* StarterHaunters.swift */,
			);
			name = Model;
			sourceTree = "<group>";
		};
		C40ED04B1DA0425B003131E6 = {
			isa = PBXGroup;
			children = (
				C40ED0561DA0425B003131E6 /* HalloweenHunt */,
				C40ED0551DA0425B003131E6 /* Products */,
				C40ED0711DA060EF003131E6 /* Frameworks */,
				91A6BBA7F0E88B76971FE527 /* Pods */,
			);
			sourceTree = "<group>";
		};
		C40ED0551DA0425B003131E6 /* Products */ = {
			isa = PBXGroup;
			children = (
				C40ED0541DA0425B003131E6 /* HalloweenHunt.app */,
			);
			name = Products;
			sourceTree = "<group>";
		};
		C40ED0561DA0425B003131E6 /* HalloweenHunt */ = {
			isa = PBXGroup;
			children = (
				C40ED0571DA0425B003131E6 /* AppDelegate.swift */,
				C40ED0701DA05CE8003131E6 /* VC */,
				C40ED05B1DA0425B003131E6 /* Main.storyboard */,
				C40B44221DA3701000DC75D4 /* Model */,
				C40ED0611DA0425B003131E6 /* Assets.xcassets */,
				C40ED0631DA0425B003131E6 /* LaunchScreen.storyboard */,
				C40ED0661DA0425B003131E6 /* Info.plist */,
				C40ED0741DA0638E003131E6 /* GoogleService-Info.plist */,
				C40ED05E1DA0425B003131E6 /* HalloweenHunt.xcdatamodeld */,
				C41E228D1DA201B8001D21AC /* HalloweenHunt.entitlements */,
			);
			path = HalloweenHunt;
			sourceTree = "<group>";
		};
		C40ED0701DA05CE8003131E6 /* VC */ = {
			isa = PBXGroup;
			children = (
				C40ED0591DA0425B003131E6 /* LogInViewController.swift */,
				C40ED06C1DA05CB3003131E6 /* MapViewController.swift */,
				C40ED06E1DA05CC0003131E6 /* MasterViewController.swift */,
				C40CBA9E1DA4B28100BFDC92 /* AddHaunterViewController.swift */,
			);
			name = VC;
			sourceTree = "<group>";
		};
		C40ED0711DA060EF003131E6 /* Frameworks */ = {
			isa = PBXGroup;
			children = (
				C40ED0721DA060F0003131E6 /* MapKit.framework */,
				82A22FFE1CBCACC8D6E7D888 /* Pods_HalloweenHunt.framework */,
			);
			name = Frameworks;
			sourceTree = "<group>";
		};
/* End PBXGroup section */

/* Begin PBXNativeTarget section */
		C40ED0531DA0425B003131E6 /* HalloweenHunt */ = {
			isa = PBXNativeTarget;
			buildConfigurationList = C40ED0691DA0425B003131E6 /* Build configuration list for PBXNativeTarget "HalloweenHunt" */;
			buildPhases = (
				5F15B17DD4FF47246EF0152B /* [CP] Check Pods Manifest.lock */,
				C40ED0501DA0425B003131E6 /* Sources */,
				C40ED0511DA0425B003131E6 /* Frameworks */,
				C40ED0521DA0425B003131E6 /* Resources */,
				05405084459FA0E98D13418B /* [CP] Embed Pods Frameworks */,
				558536EA143EE7F00CA5590E /* [CP] Copy Pods Resources */,
			);
			buildRules = (
			);
			dependencies = (
			);
			name = HalloweenHunt;
			productName = HalloweenHunt;
			productReference = C40ED0541DA0425B003131E6 /* HalloweenHunt.app */;
			productType = "com.apple.product-type.application";
		};
/* End PBXNativeTarget section */

/* Begin PBXProject section */
		C40ED04C1DA0425B003131E6 /* Project object */ = {
			isa = PBXProject;
			attributes = {
				LastSwiftUpdateCheck = 0800;
				LastUpgradeCheck = 0800;
				ORGANIZATIONNAME = "Dumb Blonde Software";
				TargetAttributes = {
					C40ED0531DA0425B003131E6 = {
						CreatedOnToolsVersion = 8.0;
						DevelopmentTeam = K8633K44E8;
						ProvisioningStyle = Automatic;
						SystemCapabilities = {
							com.apple.Keychain = {
								enabled = 1;
							};
						};
					};
				};
			};
			buildConfigurationList = C40ED04F1DA0425B003131E6 /* Build configuration list for PBXProject "HalloweenHunt" */;
			compatibilityVersion = "Xcode 3.2";
			developmentRegion = English;
			hasScannedForEncodings = 0;
			knownRegions = (
				en,
				Base,
			);
			mainGroup = C40ED04B1DA0425B003131E6;
			productRefGroup = C40ED0551DA0425B003131E6 /* Products */;
			projectDirPath = "";
			projectRoot = "";
			targets = (
				C40ED0531DA0425B003131E6 /* HalloweenHunt */,
			);
		};
/* End PBXProject section */

/* Begin PBXResourcesBuildPhase section */
		C40ED0521DA0425B003131E6 /* Resources */ = {
			isa = PBXResourcesBuildPhase;
			buildActionMask = 2147483647;
			files = (
				C40ED0651DA0425B003131E6 /* LaunchScreen.storyboard in Resources */,
				C40ED0751DA0638E003131E6 /* GoogleService-Info.plist in Resources */,
				C40ED0621DA0425B003131E6 /* Assets.xcassets in Resources */,
				C40ED05D1DA0425B003131E6 /* Main.storyboard in Resources */,
			);
			runOnlyForDeploymentPostprocessing = 0;
		};
/* End PBXResourcesBuildPhase section */

/* Begin PBXShellScriptBuildPhase section */
		05405084459FA0E98D13418B /* [CP] Embed Pods Frameworks */ = {
			isa = PBXShellScriptBuildPhase;
			buildActionMask = 2147483647;
			files = (
			);
			inputPaths = (
			);
			name = "[CP] Embed Pods Frameworks";
			outputPaths = (
			);
			runOnlyForDeploymentPostprocessing = 0;
			shellPath = /bin/sh;
			shellScript = "\"${SRCROOT}/Pods/Target Support Files/Pods-HalloweenHunt/Pods-HalloweenHunt-frameworks.sh\"\n";
			showEnvVarsInLog = 0;
		};
		558536EA143EE7F00CA5590E /* [CP] Copy Pods Resources */ = {
			isa = PBXShellScriptBuildPhase;
			buildActionMask = 2147483647;
			files = (
			);
			inputPaths = (
			);
			name = "[CP] Copy Pods Resources";
			outputPaths = (
			);
			runOnlyForDeploymentPostprocessing = 0;
			shellPath = /bin/sh;
			shellScript = "\"${SRCROOT}/Pods/Target Support Files/Pods-HalloweenHunt/Pods-HalloweenHunt-resources.sh\"\n";
			showEnvVarsInLog = 0;
		};
		5F15B17DD4FF47246EF0152B /* [CP] Check Pods Manifest.lock */ = {
			isa = PBXShellScriptBuildPhase;
			buildActionMask = 2147483647;
			files = (
			);
			inputPaths = (
			);
			name = "[CP] Check Pods Manifest.lock";
			outputPaths = (
			);
			runOnlyForDeploymentPostprocessing = 0;
			shellPath = /bin/sh;
			shellScript = "diff \"${PODS_ROOT}/../Podfile.lock\" \"${PODS_ROOT}/Manifest.lock\" > /dev/null\nif [[ $? != 0 ]] ; then\n    cat << EOM\nerror: The sandbox is not in sync with the Podfile.lock. Run 'pod install' or update your CocoaPods installation.\nEOM\n    exit 1\nfi\n";
			showEnvVarsInLog = 0;
		};
/* End PBXShellScriptBuildPhase section */

/* Begin PBXSourcesBuildPhase section */
		C40ED0501DA0425B003131E6 /* Sources */ = {
			isa = PBXSourcesBuildPhase;
			buildActionMask = 2147483647;
			files = (
				C40ED06F1DA05CC0003131E6 /* MasterViewController.swift in Sources */,
				C40ED05A1DA0425B003131E6 /* LogInViewController.swift in Sources */,
				C40ED0601DA0425B003131E6 /* HalloweenHunt.xcdatamodeld in Sources */,
				C40ED0581DA0425B003131E6 /* AppDelegate.swift in Sources */,
				C40CBAA11DA4BBF300BFDC92 /* Player.swift in Sources */,
				C40CE7C51DA74CD6006E25CD /* StarterHaunters.swift in Sources */,
				C40ED06D1DA05CB3003131E6 /* MapViewController.swift in Sources */,
				C40CBA9F1DA4B28100BFDC92 /* AddHaunterViewController.swift in Sources */,
				C40B44211DA3700900DC75D4 /* Haunter.swift in Sources */,
			);
			runOnlyForDeploymentPostprocessing = 0;
		};
/* End PBXSourcesBuildPhase section */

/* Begin PBXVariantGroup section */
		C40ED05B1DA0425B003131E6 /* Main.storyboard */ = {
			isa = PBXVariantGroup;
			children = (
				C40ED05C1DA0425B003131E6 /* Base */,
			);
			name = Main.storyboard;
			sourceTree = "<group>";
		};
		C40ED0631DA0425B003131E6 /* LaunchScreen.storyboard */ = {
			isa = PBXVariantGroup;
			children = (
				C40ED0641DA0425B003131E6 /* Base */,
			);
			name = LaunchScreen.storyboard;
			sourceTree = "<group>";
		};
/* End PBXVariantGroup section */

/* Begin XCBuildConfiguration section */
		C40ED0671DA0425B003131E6 /* Debug */ = {
			isa = XCBuildConfiguration;
			buildSettings = {
				ALWAYS_SEARCH_USER_PATHS = NO;
				CLANG_ANALYZER_NONNULL = YES;
				CLANG_CXX_LANGUAGE_STANDARD = "gnu++0x";
				CLANG_CXX_LIBRARY = "libc++";
				CLANG_ENABLE_MODULES = YES;
				CLANG_ENABLE_OBJC_ARC = YES;
				CLANG_WARN_BOOL_CONVERSION = YES;
				CLANG_WARN_CONSTANT_CONVERSION = YES;
				CLANG_WARN_DIRECT_OBJC_ISA_USAGE = YES_ERROR;
				CLANG_WARN_DOCUMENTATION_COMMENTS = YES;
				CLANG_WARN_EMPTY_BODY = YES;
				CLANG_WARN_ENUM_CONVERSION = YES;
				CLANG_WARN_INFINITE_RECURSION = YES;
				CLANG_WARN_INT_CONVERSION = YES;
				CLANG_WARN_OBJC_ROOT_CLASS = YES_ERROR;
				CLANG_WARN_SUSPICIOUS_MOVES = YES;
				CLANG_WARN_UNREACHABLE_CODE = YES;
				CLANG_WARN__DUPLICATE_METHOD_MATCH = YES;
				"CODE_SIGN_IDENTITY[sdk=iphoneos*]" = "iPhone Developer";
				COPY_PHASE_STRIP = NO;
				DEBUG_INFORMATION_FORMAT = dwarf;
				ENABLE_STRICT_OBJC_MSGSEND = YES;
				ENABLE_TESTABILITY = YES;
				GCC_C_LANGUAGE_STANDARD = gnu99;
				GCC_DYNAMIC_NO_PIC = NO;
				GCC_NO_COMMON_BLOCKS = YES;
				GCC_OPTIMIZATION_LEVEL = 0;
				GCC_PREPROCESSOR_DEFINITIONS = (
					"DEBUG=1",
					"$(inherited)",
				);
				GCC_WARN_64_TO_32_BIT_CONVERSION = YES;
				GCC_WARN_ABOUT_RETURN_TYPE = YES_ERROR;
				GCC_WARN_UNDECLARED_SELECTOR = YES;
				GCC_WARN_UNINITIALIZED_AUTOS = YES_AGGRESSIVE;
				GCC_WARN_UNUSED_FUNCTION = YES;
				GCC_WARN_UNUSED_VARIABLE = YES;
				IPHONEOS_DEPLOYMENT_TARGET = 10.0;
				MTL_ENABLE_DEBUG_INFO = YES;
				ONLY_ACTIVE_ARCH = YES;
				SDKROOT = iphoneos;
				SWIFT_ACTIVE_COMPILATION_CONDITIONS = DEBUG;
				SWIFT_OPTIMIZATION_LEVEL = "-Onone";
				TARGETED_DEVICE_FAMILY = "1,2";
			};
			name = Debug;
		};
		C40ED0681DA0425B003131E6 /* Release */ = {
			isa = XCBuildConfiguration;
			buildSettings = {
				ALWAYS_SEARCH_USER_PATHS = NO;
				CLANG_ANALYZER_NONNULL = YES;
				CLANG_CXX_LANGUAGE_STANDARD = "gnu++0x";
				CLANG_CXX_LIBRARY = "libc++";
				CLANG_ENABLE_MODULES = YES;
				CLANG_ENABLE_OBJC_ARC = YES;
				CLANG_WARN_BOOL_CONVERSION = YES;
				CLANG_WARN_CONSTANT_CONVERSION = YES;
				CLANG_WARN_DIRECT_OBJC_ISA_USAGE = YES_ERROR;
				CLANG_WARN_DOCUMENTATION_COMMENTS = YES;
				CLANG_WARN_EMPTY_BODY = YES;
				CLANG_WARN_ENUM_CONVERSION = YES;
				CLANG_WARN_INFINITE_RECURSION = YES;
				CLANG_WARN_INT_CONVERSION = YES;
				CLANG_WARN_OBJC_ROOT_CLASS = YES_ERROR;
				CLANG_WARN_SUSPICIOUS_MOVES = YES;
				CLANG_WARN_UNREACHABLE_CODE = YES;
				CLANG_WARN__DUPLICATE_METHOD_MATCH = YES;
				"CODE_SIGN_IDENTITY[sdk=iphoneos*]" = "iPhone Developer";
				COPY_PHASE_STRIP = NO;
				DEBUG_INFORMATION_FORMAT = "dwarf-with-dsym";
				ENABLE_NS_ASSERTIONS = NO;
				ENABLE_STRICT_OBJC_MSGSEND = YES;
				GCC_C_LANGUAGE_STANDARD = gnu99;
				GCC_NO_COMMON_BLOCKS = YES;
				GCC_WARN_64_TO_32_BIT_CONVERSION = YES;
				GCC_WARN_ABOUT_RETURN_TYPE = YES_ERROR;
				GCC_WARN_UNDECLARED_SELECTOR = YES;
				GCC_WARN_UNINITIALIZED_AUTOS = YES_AGGRESSIVE;
				GCC_WARN_UNUSED_FUNCTION = YES;
				GCC_WARN_UNUSED_VARIABLE = YES;
				IPHONEOS_DEPLOYMENT_TARGET = 10.0;
				MTL_ENABLE_DEBUG_INFO = NO;
				SDKROOT = iphoneos;
				SWIFT_OPTIMIZATION_LEVEL = "-Owholemodule";
				TARGETED_DEVICE_FAMILY = "1,2";
				VALIDATE_PRODUCT = YES;
			};
			name = Release;
		};
		C40ED06A1DA0425B003131E6 /* Debug */ = {
			isa = XCBuildConfiguration;
			baseConfigurationReference = 37F26DABC7A4FC8DA977FD4F /* Pods-HalloweenHunt.debug.xcconfig */;
			buildSettings = {
				ASSETCATALOG_COMPILER_APPICON_NAME = AppIcon;
				CODE_SIGN_ENTITLEMENTS = HalloweenHunt/HalloweenHunt.entitlements;
				DEVELOPMENT_TEAM = K8633K44E8;
				INFOPLIST_FILE = HalloweenHunt/Info.plist;
				LD_RUNPATH_SEARCH_PATHS = "$(inherited) @executable_path/Frameworks";
				PRODUCT_BUNDLE_IDENTIFIER = self.edu.diane.HalloweenHunt;
				PRODUCT_NAME = "$(TARGET_NAME)";
				SWIFT_VERSION = 3.0;
			};
			name = Debug;
		};
		C40ED06B1DA0425B003131E6 /* Release */ = {
			isa = XCBuildConfiguration;
			baseConfigurationReference = ED98211B6DB31196D4ECDDB2 /* Pods-HalloweenHunt.release.xcconfig */;
			buildSettings = {
				ASSETCATALOG_COMPILER_APPICON_NAME = AppIcon;
				CODE_SIGN_ENTITLEMENTS = HalloweenHunt/HalloweenHunt.entitlements;
				DEVELOPMENT_TEAM = K8633K44E8;
				INFOPLIST_FILE = HalloweenHunt/Info.plist;
				LD_RUNPATH_SEARCH_PATHS = "$(inherited) @executable_path/Frameworks";
				PRODUCT_BUNDLE_IDENTIFIER = self.edu.diane.HalloweenHunt;
				PRODUCT_NAME = "$(TARGET_NAME)";
				SWIFT_VERSION = 3.0;
			};
			name = Release;
		};
/* End XCBuildConfiguration section */

/* Begin XCConfigurationList section */
		C40ED04F1DA0425B003131E6 /* Build configuration list for PBXProject "HalloweenHunt" */ = {
			isa = XCConfigurationList;
			buildConfigurations = (
				C40ED0671DA0425B003131E6 /* Debug */,
				C40ED0681DA0425B003131E6 /* Release */,
			);
			defaultConfigurationIsVisible = 0;
			defaultConfigurationName = Release;
		};
		C40ED0691DA0425B003131E6 /* Build configuration list for PBXNativeTarget "HalloweenHunt" */ = {
			isa = XCConfigurationList;
			buildConfigurations = (
				C40ED06A1DA0425B003131E6 /* Debug */,
				C40ED06B1DA0425B003131E6 /* Release */,
			);
			defaultConfigurationIsVisible = 0;
			defaultConfigurationName = Release;
		};
/* End XCConfigurationList section */

/* Begin XCVersionGroup section */
		C40ED05E1DA0425B003131E6 /* HalloweenHunt.xcdatamodeld */ = {
			isa = XCVersionGroup;
			children = (
				C40ED05F1DA0425B003131E6 /* HalloweenHunt.xcdatamodel */,
			);
			currentVersion = C40ED05F1DA0425B003131E6 /* HalloweenHunt.xcdatamodel */;
			path = HalloweenHunt.xcdatamodeld;
			sourceTree = "<group>";
			versionGroupType = wrapper.xcdatamodel;
		};
/* End XCVersionGroup section */
	};
	rootObject = C40ED04C1DA0425B003131E6 /* Project object */;
}
